
Microsoft Visual Studio Solution File, Format Version 12.00
# Visual Studio Version 17
VisualStudioVersion = 17.7.34009.444
MinimumVisualStudioVersion = 10.0.40219.1
Project("{FAE04EC0-301F-11D3-BF4B-00C04F79EFBC}") = "SeleniumFirstProject1", "SeleniumFirstProject1\SeleniumFirstProject1.csproj", "{86F65FA0-4B1F-4578-AE38-54C3A17D260D}"
EndProject
Global
	GlobalSection(SolutionConfigurationPlatforms) = preSolution
		Debug|Any CPU = Debug|Any CPU
		Release|Any CPU = Release|Any CPU
	EndGlobalSection
	GlobalSection(ProjectConfigurationPlatforms) = postSolution
		{86F65FA0-4B1F-4578-AE38-54C3A17D260D}.Debug|Any CPU.ActiveCfg = Debug|Any CPU
		{86F65FA0-4B1F-4578-AE38-54C3A17D260D}.Debug|Any CPU.Build.0 = Debug|Any CPU
		{86F65FA0-4B1F-4578-AE38-54C3A17D260D}.Release|Any CPU.ActiveCfg = Release|Any CPU
		{86F65FA0-4B1F-4578-AE38-54C3A17D260D}.Release|Any CPU.Build.0 = Release|Any CPU
	EndGlobalSection
	GlobalSection(SolutionProperties) = preSolution
		HideSolutionNode = FALSE
	EndGlobalSection
	GlobalSection(ExtensibilityGlobals) = postSolution
		SolutionGuid = {2C0471B7-AF8C-4320-817F-916DDD584FA6}
	EndGlobalSection
EndGlobal
